
Microsoft Visual Studio Solution File, Format Version 12.00
# Visual Studio 14
VisualStudioVersion = 14.0.25420.1
MinimumVisualStudioVersion = 10.0.40219.1
Project("{8BC9CEB8-8B4A-11D0-8D11-00A0C91BC942}") = "HurricaneCore", "HurricaneCore\HurricaneCore.vcxproj", "{DBBBC614-2A11-495B-9210-1F285CB3E06F}"
EndProject
Project("{8BC9CEB8-8B4A-11D0-8D11-00A0C91BC942}") = "TestGameDX11", "TestGameDX11\TestGameDX11.vcxproj", "{4F624832-1BAB-43AA-9F4F-C471FB6253FC}"
	ProjectSection(ProjectDependencies) = postProject
		{DBBBC614-2A11-495B-9210-1F285CB3E06F} = {DBBBC614-2A11-495B-9210-1F285CB3E06F}
	EndProjectSection
EndProject
Project("{8BC9CEB8-8B4A-11D0-8D11-00A0C91BC942}") = "TestGameOpenGL", "TestGameOpenGL\TestGameOpenGL.vcxproj", "{E5EE4072-2FBB-4107-95AB-E7BFDEE98874}"
EndProject
Project("{2150E333-8FDC-42A3-9474-1A3956D46DE8}") = "Engine", "Engine", "{329A3C0E-6EC4-4A54-820E-819C5C04A3B0}"
EndProject
Project("{2150E333-8FDC-42A3-9474-1A3956D46DE8}") = "Games", "Games", "{5D4FFF34-E89C-4FF7-8B6E-2AD8A08A9D0D}"
EndProject
Global
	GlobalSection(SolutionConfigurationPlatforms) = preSolution
		Debug|x64 = Debug|x64
		Debug|x86 = Debug|x86
		Release|x64 = Release|x64
		Release|x86 = Release|x86
	EndGlobalSection
	GlobalSection(ProjectConfigurationPlatforms) = postSolution
		{DBBBC614-2A11-495B-9210-1F285CB3E06F}.Debug|x64.ActiveCfg = Debug|x64
		{DBBBC614-2A11-495B-9210-1F285CB3E06F}.Debug|x64.Build.0 = Debug|x64
		{DBBBC614-2A11-495B-9210-1F285CB3E06F}.Debug|x86.ActiveCfg = Debug|Win32
		{DBBBC614-2A11-495B-9210-1F285CB3E06F}.Debug|x86.Build.0 = Debug|Win32
		{DBBBC614-2A11-495B-9210-1F285CB3E06F}.Release|x64.ActiveCfg = Release|x64
		{DBBBC614-2A11-495B-9210-1F285CB3E06F}.Release|x64.Build.0 = Release|x64
		{DBBBC614-2A11-495B-9210-1F285CB3E06F}.Release|x86.ActiveCfg = Release|Win32
		{DBBBC614-2A11-495B-9210-1F285CB3E06F}.Release|x86.Build.0 = Release|Win32
		{4F624832-1BAB-43AA-9F4F-C471FB6253FC}.Debug|x64.ActiveCfg = Debug|x64
		{4F624832-1BAB-43AA-9F4F-C471FB6253FC}.Debug|x64.Build.0 = Debug|x64
		{4F624832-1BAB-43AA-9F4F-C471FB6253FC}.Debug|x86.ActiveCfg = Debug|Win32
		{4F624832-1BAB-43AA-9F4F-C471FB6253FC}.Debug|x86.Build.0 = Debug|Win32
		{4F624832-1BAB-43AA-9F4F-C471FB6253FC}.Release|x64.ActiveCfg = Release|x64
		{4F624832-1BAB-43AA-9F4F-C471FB6253FC}.Release|x64.Build.0 = Release|x64
		{4F624832-1BAB-43AA-9F4F-C471FB6253FC}.Release|x86.ActiveCfg = Release|Win32
		{4F624832-1BAB-43AA-9F4F-C471FB6253FC}.Release|x86.Build.0 = Release|Win32
		{E5EE4072-2FBB-4107-95AB-E7BFDEE98874}.Debug|x64.ActiveCfg = Debug|x64
		{E5EE4072-2FBB-4107-95AB-E7BFDEE98874}.Debug|x64.Build.0 = Debug|x64
		{E5EE4072-2FBB-4107-95AB-E7BFDEE98874}.Debug|x86.ActiveCfg = Debug|Win32
		{E5EE4072-2FBB-4107-95AB-E7BFDEE98874}.Debug|x86.Build.0 = Debug|Win32
		{E5EE4072-2FBB-4107-95AB-E7BFDEE98874}.Release|x64.ActiveCfg = Release|x64
		{E5EE4072-2FBB-4107-95AB-E7BFDEE98874}.Release|x64.Build.0 = Release|x64
		{E5EE4072-2FBB-4107-95AB-E7BFDEE98874}.Release|x86.ActiveCfg = Release|Win32
		{E5EE4072-2FBB-4107-95AB-E7BFDEE98874}.Release|x86.Build.0 = Release|Win32
	EndGlobalSection
	GlobalSection(SolutionProperties) = preSolution
		HideSolutionNode = FALSE
	EndGlobalSection
	GlobalSection(NestedProjects) = preSolution
		{DBBBC614-2A11-495B-9210-1F285CB3E06F} = {329A3C0E-6EC4-4A54-820E-819C5C04A3B0}
		{4F624832-1BAB-43AA-9F4F-C471FB6253FC} = {5D4FFF34-E89C-4FF7-8B6E-2AD8A08A9D0D}
		{E5EE4072-2FBB-4107-95AB-E7BFDEE98874} = {5D4FFF34-E89C-4FF7-8B6E-2AD8A08A9D0D}
	EndGlobalSection
EndGlobal
